
Microsoft Visual Studio Solution File, Format Version 12.00
# Visual Studio 15
VisualStudioVersion = 15.0.27130.2036
MinimumVisualStudioVersion = 10.0.40219.1
Project("{FAE04EC0-301F-11D3-BF4B-00C04F79EFBC}") = "игра", "игра\игра.csproj", "{FDECC40E-9F49-462A-9255-9E2A659DA1FF}"
EndProject
Global
	GlobalSection(SolutionConfigurationPlatforms) = preSolution
		Debug|Any CPU = Debug|Any CPU
		Release|Any CPU = Release|Any CPU
	EndGlobalSection
	GlobalSection(ProjectConfigurationPlatforms) = postSolution
		{FDECC40E-9F49-462A-9255-9E2A659DA1FF}.Debug|Any CPU.ActiveCfg = Debug|Any CPU
		{FDECC40E-9F49-462A-9255-9E2A659DA1FF}.Debug|Any CPU.Build.0 = Debug|Any CPU
		{FDECC40E-9F49-462A-9255-9E2A659DA1FF}.Release|Any CPU.ActiveCfg = Release|Any CPU
		{FDECC40E-9F49-462A-9255-9E2A659DA1FF}.Release|Any CPU.Build.0 = Release|Any CPU
	EndGlobalSection
	GlobalSection(SolutionProperties) = preSolution
		HideSolutionNode = FALSE
	EndGlobalSection
	GlobalSection(ExtensibilityGlobals) = postSolution
		SolutionGuid = {8E6A321C-5250-4B52-9BB9-FD17B7F74B4F}
	EndGlobalSection
EndGlobal
